
Microsoft Visual Studio Solution File, Format Version 12.00
# Visual Studio Version 17
VisualStudioVersion = 17.3.32819.101
MinimumVisualStudioVersion = 10.0.40219.1
Project("{9A19103F-16F7-4668-BE54-9A1E7A4F7556}") = "RockstarsHealthCheckVisualization", "RockstarsHealthCheckVisualization\RockstarsHealthCheckVisualization.csproj", "{C7F508C0-25D3-47C5-B80D-314A6157C471}"
EndProject
Project("{9A19103F-16F7-4668-BE54-9A1E7A4F7556}") = "RockstarsHealthCheckVisualization.Test", "RockstarsHealthCheckVisualization.Test\RockstarsHealthCheckVisualization.Test.csproj", "{F4E52BF4-62BE-4445-8A05-64EDC10022CE}"
EndProject
Project("{FAE04EC0-301F-11D3-BF4B-00C04F79EFBC}") = "RockstarsHealthCheckVisualization.Core", "RockstarsHealthCheckVisualization.Core\RockstarsHealthCheckVisualization.Core.csproj", "{656CFCF9-0FFD-4ABA-8B52-8231AC94EB8F}"
EndProject
Project("{00D1A9C2-B5F0-4AF3-8072-F6C62B433612}") = "RockstarsHealthCheckVisualization.Database", "RockstarsHealthCheckVisualization.Database\RockstarsHealthCheckVisualization.Database.sqlproj", "{5E3AC3DA-4379-4F9E-8B5E-417993E41B9E}"
EndProject
Global
	GlobalSection(SolutionConfigurationPlatforms) = preSolution
		Debug|Any CPU = Debug|Any CPU
		Release|Any CPU = Release|Any CPU
	EndGlobalSection
	GlobalSection(ProjectConfigurationPlatforms) = postSolution
		{C7F508C0-25D3-47C5-B80D-314A6157C471}.Debug|Any CPU.ActiveCfg = Debug|Any CPU
		{C7F508C0-25D3-47C5-B80D-314A6157C471}.Debug|Any CPU.Build.0 = Debug|Any CPU
		{C7F508C0-25D3-47C5-B80D-314A6157C471}.Release|Any CPU.ActiveCfg = Release|Any CPU
		{C7F508C0-25D3-47C5-B80D-314A6157C471}.Release|Any CPU.Build.0 = Release|Any CPU
		{F4E52BF4-62BE-4445-8A05-64EDC10022CE}.Debug|Any CPU.ActiveCfg = Debug|Any CPU
		{F4E52BF4-62BE-4445-8A05-64EDC10022CE}.Debug|Any CPU.Build.0 = Debug|Any CPU
		{F4E52BF4-62BE-4445-8A05-64EDC10022CE}.Release|Any CPU.ActiveCfg = Release|Any CPU
		{F4E52BF4-62BE-4445-8A05-64EDC10022CE}.Release|Any CPU.Build.0 = Release|Any CPU
		{656CFCF9-0FFD-4ABA-8B52-8231AC94EB8F}.Debug|Any CPU.ActiveCfg = Debug|Any CPU
		{656CFCF9-0FFD-4ABA-8B52-8231AC94EB8F}.Debug|Any CPU.Build.0 = Debug|Any CPU
		{656CFCF9-0FFD-4ABA-8B52-8231AC94EB8F}.Release|Any CPU.ActiveCfg = Release|Any CPU
		{656CFCF9-0FFD-4ABA-8B52-8231AC94EB8F}.Release|Any CPU.Build.0 = Release|Any CPU
		{5E3AC3DA-4379-4F9E-8B5E-417993E41B9E}.Debug|Any CPU.ActiveCfg = Debug|Any CPU
		{5E3AC3DA-4379-4F9E-8B5E-417993E41B9E}.Debug|Any CPU.Build.0 = Debug|Any CPU
		{5E3AC3DA-4379-4F9E-8B5E-417993E41B9E}.Debug|Any CPU.Deploy.0 = Debug|Any CPU
		{5E3AC3DA-4379-4F9E-8B5E-417993E41B9E}.Release|Any CPU.ActiveCfg = Release|Any CPU
		{5E3AC3DA-4379-4F9E-8B5E-417993E41B9E}.Release|Any CPU.Build.0 = Release|Any CPU
		{5E3AC3DA-4379-4F9E-8B5E-417993E41B9E}.Release|Any CPU.Deploy.0 = Release|Any CPU
	EndGlobalSection
	GlobalSection(SolutionProperties) = preSolution
		HideSolutionNode = FALSE
	EndGlobalSection
	GlobalSection(ExtensibilityGlobals) = postSolution
		SolutionGuid = {4D882730-521D-49EB-8B92-A24E44AEAC1C}
	EndGlobalSection
EndGlobal
